
Microsoft Visual Studio Solution File, Format Version 12.00
# Visual Studio Version 17
VisualStudioVersion = 17.5.002.0
MinimumVisualStudioVersion = 10.0.40219.1
Project("{9A19103F-16F7-4668-BE54-9A1E7A4F7556}") = "ControlWork", "ControlWork.csproj", "{9F8236D2-73E5-4F2B-90A9-822435668AF4}"
EndProject
Global
	GlobalSection(SolutionConfigurationPlatforms) = preSolution
		Debug|Any CPU = Debug|Any CPU
		Release|Any CPU = Release|Any CPU
	EndGlobalSection
	GlobalSection(ProjectConfigurationPlatforms) = postSolution
		{9F8236D2-73E5-4F2B-90A9-822435668AF4}.Debug|Any CPU.ActiveCfg = Debug|Any CPU
		{9F8236D2-73E5-4F2B-90A9-822435668AF4}.Debug|Any CPU.Build.0 = Debug|Any CPU
		{9F8236D2-73E5-4F2B-90A9-822435668AF4}.Release|Any CPU.ActiveCfg = Release|Any CPU
		{9F8236D2-73E5-4F2B-90A9-822435668AF4}.Release|Any CPU.Build.0 = Release|Any CPU
	EndGlobalSection
	GlobalSection(SolutionProperties) = preSolution
		HideSolutionNode = FALSE
	EndGlobalSection
	GlobalSection(ExtensibilityGlobals) = postSolution
		SolutionGuid = {F2942EEE-2A7C-4588-9BAC-E5F4690D7325}
	EndGlobalSection
EndGlobal
